
Microsoft Visual Studio Solution File, Format Version 12.00
# Visual Studio Version 17
VisualStudioVersion = 17.4.33122.133
MinimumVisualStudioVersion = 10.0.40219.1
Project("{FAE04EC0-301F-11D3-BF4B-00C04F79EFBC}") = "SuperheroAPI", "SuperheroAPI\SuperheroAPI.csproj", "{E9BD51E4-8567-4CD8-A506-124BCB7B75CD}"
EndProject
Global
	GlobalSection(SolutionConfigurationPlatforms) = preSolution
		Debug|Any CPU = Debug|Any CPU
		Release|Any CPU = Release|Any CPU
	EndGlobalSection
	GlobalSection(ProjectConfigurationPlatforms) = postSolution
		{E9BD51E4-8567-4CD8-A506-124BCB7B75CD}.Debug|Any CPU.ActiveCfg = Debug|Any CPU
		{E9BD51E4-8567-4CD8-A506-124BCB7B75CD}.Debug|Any CPU.Build.0 = Debug|Any CPU
		{E9BD51E4-8567-4CD8-A506-124BCB7B75CD}.Release|Any CPU.ActiveCfg = Release|Any CPU
		{E9BD51E4-8567-4CD8-A506-124BCB7B75CD}.Release|Any CPU.Build.0 = Release|Any CPU
	EndGlobalSection
	GlobalSection(SolutionProperties) = preSolution
		HideSolutionNode = FALSE
	EndGlobalSection
	GlobalSection(ExtensibilityGlobals) = postSolution
		SolutionGuid = {A7C38D1D-D329-499D-9B07-433B238A145A}
	EndGlobalSection
EndGlobal
